
Microsoft Visual Studio Solution File, Format Version 12.00
# Visual Studio Version 16
VisualStudioVersion = 16.0.31320.298
MinimumVisualStudioVersion = 10.0.40219.1
Project("{FAE04EC0-301F-11D3-BF4B-00C04F79EFBC}") = "InsertGuid", "InsertGuid\InsertGuid.csproj", "{96B4BD5D-E91C-4DAF-BD35-EA70FC7A5D21}"
EndProject
Project("{2150E333-8FDC-42A3-9474-1A3956D46DE8}") = "Solution Items", "Solution Items", "{2A1D1D06-25DE-48A5-A6A4-148B2F04DE21}"
	ProjectSection(SolutionItems) = preProject
		.editorconfig = .editorconfig
		README.md = README.md
	EndProjectSection
EndProject
Project("{FAE04EC0-301F-11D3-BF4B-00C04F79EFBC}") = "Options", "Options\Options.csproj", "{80FEE53F-F74A-4B5B-8604-179FE3CA4F61}"
EndProject
Global
	GlobalSection(SolutionConfigurationPlatforms) = preSolution
		Debug|Any CPU = Debug|Any CPU
		Release|Any CPU = Release|Any CPU
	EndGlobalSection
	GlobalSection(ProjectConfigurationPlatforms) = postSolution
		{96B4BD5D-E91C-4DAF-BD35-EA70FC7A5D21}.Debug|Any CPU.ActiveCfg = Debug|Any CPU
		{96B4BD5D-E91C-4DAF-BD35-EA70FC7A5D21}.Debug|Any CPU.Build.0 = Debug|Any CPU
		{96B4BD5D-E91C-4DAF-BD35-EA70FC7A5D21}.Release|Any CPU.ActiveCfg = Release|Any CPU
		{96B4BD5D-E91C-4DAF-BD35-EA70FC7A5D21}.Release|Any CPU.Build.0 = Release|Any CPU
		{80FEE53F-F74A-4B5B-8604-179FE3CA4F61}.Debug|Any CPU.ActiveCfg = Debug|Any CPU
		{80FEE53F-F74A-4B5B-8604-179FE3CA4F61}.Debug|Any CPU.Build.0 = Debug|Any CPU
		{80FEE53F-F74A-4B5B-8604-179FE3CA4F61}.Release|Any CPU.ActiveCfg = Release|Any CPU
		{80FEE53F-F74A-4B5B-8604-179FE3CA4F61}.Release|Any CPU.Build.0 = Release|Any CPU
	EndGlobalSection
	GlobalSection(SolutionProperties) = preSolution
		HideSolutionNode = FALSE
	EndGlobalSection
	GlobalSection(ExtensibilityGlobals) = postSolution
		SolutionGuid = {5AE0F536-E33E-45B1-8612-6EB3DA7F55F6}
	EndGlobalSection
EndGlobal
